
Microsoft Visual Studio Solution File, Format Version 12.00
# Visual Studio Version 17
VisualStudioVersion = 17.9.34728.123
MinimumVisualStudioVersion = 10.0.40219.1
Project("{FAE04EC0-301F-11D3-BF4B-00C04F79EFBC}") = "SmartResults", "SmartResults\SmartResults.csproj", "{F8E95F37-3CB4-4876-A701-13E073864369}"
EndProject
Global
	GlobalSection(SolutionConfigurationPlatforms) = preSolution
		Debug|Any CPU = Debug|Any CPU
		Release|Any CPU = Release|Any CPU
	EndGlobalSection
	GlobalSection(ProjectConfigurationPlatforms) = postSolution
		{F8E95F37-3CB4-4876-A701-13E073864369}.Debug|Any CPU.ActiveCfg = Debug|Any CPU
		{F8E95F37-3CB4-4876-A701-13E073864369}.Debug|Any CPU.Build.0 = Debug|Any CPU
		{F8E95F37-3CB4-4876-A701-13E073864369}.Release|Any CPU.ActiveCfg = Release|Any CPU
		{F8E95F37-3CB4-4876-A701-13E073864369}.Release|Any CPU.Build.0 = Release|Any CPU
	EndGlobalSection
	GlobalSection(SolutionProperties) = preSolution
		HideSolutionNode = FALSE
	EndGlobalSection
	GlobalSection(ExtensibilityGlobals) = postSolution
		SolutionGuid = {40B059C7-A7A9-4BD6-BAD3-03C23C2A9EB9}
	EndGlobalSection
EndGlobal
